{
    "name": "digitize",
    "version": "1.0.0",
    "lockfileVersion": 3,
    "requires": true,
    "packages": {
        "": {
            "name": "digitize",
            "version": "1.0.0",
            "license": "CC BY-NC 4.0",
            "dependencies": {
                "mnist-data": "^1.2.6"
            }
        },
        "node_modules/mnist-data": {
            "version": "1.2.6",
            "resolved": "https://registry.npmjs.org/mnist-data/-/mnist-data-1.2.6.tgz",
            "integrity": "sha512-yNMiXGBeeSNgm/OnD4v/Ag2GCQ46Vs3oOqGtpztUpgs3MuGNzjZMDB2CmUITeAV2dvI7FhuWpBGkAw/k3RGoUw==",
            "license": "ISC",
            "dependencies": {
                "underscore": "^1.8.3"
            }
        },
        "node_modules/underscore": {
            "version": "1.13.8",
            "resolved": "https://registry.npmjs.org/underscore/-/underscore-1.13.8.tgz",
            "integrity": "sha512-DXtD3ZtEQzc7M8m4cXotyHR+FAS18C64asBYY5vqZexfYryNNnDc02W4hKg3rdQuqOYas1jkseX0+nZXjTXnvQ==",
            "license": "MIT"
        }
    }
}
